Microsoft Visual Studio Solution File, Format Version 10.00
# Visual Studio 2008
Project("{8BC9CEB8-8B4A-11D0-8D11-00A0C91BC942}") = "ALL_BUILD", "ALL_BUILD.vcproj", "{7CA37F25-6DD3-4609-B050-62778F2232E8}"
	ProjectSection(ProjectDependencies) = postProject
		{C1E6820E-3167-4F37-A1B3-3952957C18A7} = {C1E6820E-3167-4F37-A1B3-3952957C18A7}
		{A599B10E-3156-4655-BBB6-6F86B788FBEA} = {A599B10E-3156-4655-BBB6-6F86B788FBEA}
		{BC8C0318-B3C9-4B06-9239-953C1CE8B483} = {BC8C0318-B3C9-4B06-9239-953C1CE8B483}
		{FADFB218-581B-4940-A540-EC062894DB41} = {FADFB218-581B-4940-A540-EC062894DB41}
		{E4A6A833-0F30-40F6-8913-4B57B82F4432} = {E4A6A833-0F30-40F6-8913-4B57B82F4432}
		{521DED36-85B2-4AAC-A4F9-3A9FE4A08ACF} = {521DED36-85B2-4AAC-A4F9-3A9FE4A08ACF}
		{6650D845-6916-4CC4-856C-35BBF1287069} = {6650D845-6916-4CC4-856C-35BBF1287069}
		{8E38F54B-BD4C-4C2A-9AFD-054917A0FD57} = {8E38F54B-BD4C-4C2A-9AFD-054917A0FD57}
		{44A2614F-EDAB-4E42-9F72-EF791A7E0462} = {44A2614F-EDAB-4E42-9F72-EF791A7E0462}
		{919C565B-C961-4BE8-A427-4E0F85E9BBA8} = {919C565B-C961-4BE8-A427-4E0F85E9BBA8}
		{F2912361-5BA9-4F70-8B00-B6E2D661ED9D} = {F2912361-5BA9-4F70-8B00-B6E2D661ED9D}
		{23A0FC68-D575-4E10-B00E-6907811B3C93} = {23A0FC68-D575-4E10-B00E-6907811B3C93}
		{7BEA286C-ECAC-48DA-8BB1-8EA9626F61F0} = {7BEA286C-ECAC-48DA-8BB1-8EA9626F61F0}
		{C71C1374-96A9-4FD0-A1CB-31380DA65AF7} = {C71C1374-96A9-4FD0-A1CB-31380DA65AF7}
		{C0C02074-6A9F-4E62-9162-324458F003E6} = {C0C02074-6A9F-4E62-9162-324458F003E6}
		{F49B6C80-C944-4302-8224-9DC6B06101C2} = {F49B6C80-C944-4302-8224-9DC6B06101C2}
		{4B094784-2BB2-4903-BC33-E349C89B5105} = {4B094784-2BB2-4903-BC33-E349C89B5105}
		{8AE65787-51C0-43EE-ABCC-D19C051A9DEC} = {8AE65787-51C0-43EE-ABCC-D19C051A9DEC}
		{8D8CC28D-7400-4506-B110-B3249A3AD145} = {8D8CC28D-7400-4506-B110-B3249A3AD145}
		{50E490A3-C6D4-4194-A261-448328659FEE} = {50E490A3-C6D4-4194-A261-448328659FEE}
		{BAA1A7BB-553A-44DB-B20A-DFE6A75CF7B4} = {BAA1A7BB-553A-44DB-B20A-DFE6A75CF7B4}
		{AB6B36BE-6012-4925-9DDD-453CE1A449E7} = {AB6B36BE-6012-4925-9DDD-453CE1A449E7}
		{16E775BE-6D4D-44A2-B7D4-FFC966115E4A} = {16E775BE-6D4D-44A2-B7D4-FFC966115E4A}
		{FEDDF8C3-6579-4554-A6F6-B663B03B6777} = {FEDDF8C3-6579-4554-A6F6-B663B03B6777}
		{EC8BF5C8-C516-4055-8292-B0E835006B57} = {EC8BF5C8-C516-4055-8292-B0E835006B57}
		{C39D2CCB-33A6-4C43-A87C-D9086FCA301B} = {C39D2CCB-33A6-4C43-A87C-D9086FCA301B}
		{B1C011D2-742D-4D8E-998F-91E28AF383D7} = {B1C011D2-742D-4D8E-998F-91E28AF383D7}
		{4EB5A1D7-7EA1-4C83-BA0D-CAA8D3E9CA73} = {4EB5A1D7-7EA1-4C83-BA0D-CAA8D3E9CA73}
		{0557ECD8-EC6E-4109-9947-AC8D528E40E5} = {0557ECD8-EC6E-4109-9947-AC8D528E40E5}
		{6D25FADC-290B-4659-BCB5-788CAEF172EC} = {6D25FADC-290B-4659-BCB5-788CAEF172EC}
		{6DA6FDDC-49FE-4286-A4C3-9FF7A12FC2AE} = {6DA6FDDC-49FE-4286-A4C3-9FF7A12FC2AE}
		{194D0DE8-1FB8-44C9-937A-7A41050B73F8} = {194D0DE8-1FB8-44C9-937A-7A41050B73F8}
		{4B686CE8-36E1-47DB-97B0-FBC98C224FE2} = {4B686CE8-36E1-47DB-97B0-FBC98C224FE2}
		{3DD5E0EE-BDB6-46FE-82D4-2D781E8614AD} = {3DD5E0EE-BDB6-46FE-82D4-2D781E8614AD}
		{04723FF1-5EAD-4006-9BFE-8B930B8843C6} = {04723FF1-5EAD-4006-9BFE-8B930B8843C6}
		{6A0FEDF1-3C83-4783-90DC-9665650BA9D8} = {6A0FEDF1-3C83-4783-90DC-9665650BA9D8}
		{6B6AC3F6-837C-4DF6-9C97-82152398A2C4} = {6B6AC3F6-837C-4DF6-9C97-82152398A2C4}
	EndProjectSection
EndProject
Project("{8BC9CEB8-8B4A-11D0-8D11-00A0C91BC942}") = "INSTALL", "INSTALL.vcproj", "{E9DCEAB7-DC5D-4D81-A690-4E2164C4106E}"
	ProjectSection(ProjectDependencies) = postProject
		{7CA37F25-6DD3-4609-B050-62778F2232E8} = {7CA37F25-6DD3-4609-B050-62778F2232E8}
	EndProjectSection
EndProject
Project("{8BC9CEB8-8B4A-11D0-8D11-00A0C91BC942}") = "PACKAGE", "PACKAGE.vcproj", "{13501F9C-93EC-45C0-994F-D4AB5A76AF35}"
	ProjectSection(ProjectDependencies) = postProject
		{7CA37F25-6DD3-4609-B050-62778F2232E8} = {7CA37F25-6DD3-4609-B050-62778F2232E8}
	EndProjectSection
EndProject
Project("{8BC9CEB8-8B4A-11D0-8D11-00A0C91BC942}") = "ZERO_CHECK", "ZERO_CHECK.vcproj", "{919C565B-C961-4BE8-A427-4E0F85E9BBA8}"
EndProject
Project("{8BC9CEB8-8B4A-11D0-8D11-00A0C91BC942}") = "astyle", "src\astyle\astyle.vcproj", "{8E38F54B-BD4C-4C2A-9AFD-054917A0FD57}"
	ProjectSection(ProjectDependencies) = postProject
		{919C565B-C961-4BE8-A427-4E0F85E9BBA8} = {919C565B-C961-4BE8-A427-4E0F85E9BBA8}
	EndProjectSection
EndProject
Project("{8BC9CEB8-8B4A-11D0-8D11-00A0C91BC942}") = "coordinatecaptureplugin", "src\plugins\coordinate_capture\coordinatecaptureplugin.vcproj", "{6DA6FDDC-49FE-4286-A4C3-9FF7A12FC2AE}"
	ProjectSection(ProjectDependencies) = postProject
		{6650D845-6916-4CC4-856C-35BBF1287069} = {6650D845-6916-4CC4-856C-35BBF1287069}
		{44A2614F-EDAB-4E42-9F72-EF791A7E0462} = {44A2614F-EDAB-4E42-9F72-EF791A7E0462}
		{919C565B-C961-4BE8-A427-4E0F85E9BBA8} = {919C565B-C961-4BE8-A427-4E0F85E9BBA8}
	EndProjectSection
EndProject
Project("{8BC9CEB8-8B4A-11D0-8D11-00A0C91BC942}") = "copyrightlabelplugin", "src\plugins\copyright_label\copyrightlabelplugin.vcproj", "{04723FF1-5EAD-4006-9BFE-8B930B8843C6}"
	ProjectSection(ProjectDependencies) = postProject
		{6650D845-6916-4CC4-856C-35BBF1287069} = {6650D845-6916-4CC4-856C-35BBF1287069}
		{44A2614F-EDAB-4E42-9F72-EF791A7E0462} = {44A2614F-EDAB-4E42-9F72-EF791A7E0462}
		{919C565B-C961-4BE8-A427-4E0F85E9BBA8} = {919C565B-C961-4BE8-A427-4E0F85E9BBA8}
	EndProjectSection
EndProject
Project("{8BC9CEB8-8B4A-11D0-8D11-00A0C91BC942}") = "delimitedtextplugin", "src\plugins\delimited_text\delimitedtextplugin.vcproj", "{FEDDF8C3-6579-4554-A6F6-B663B03B6777}"
	ProjectSection(ProjectDependencies) = postProject
		{6650D845-6916-4CC4-856C-35BBF1287069} = {6650D845-6916-4CC4-856C-35BBF1287069}
		{44A2614F-EDAB-4E42-9F72-EF791A7E0462} = {44A2614F-EDAB-4E42-9F72-EF791A7E0462}
		{919C565B-C961-4BE8-A427-4E0F85E9BBA8} = {919C565B-C961-4BE8-A427-4E0F85E9BBA8}
	EndProjectSection
EndProject
Project("{8BC9CEB8-8B4A-11D0-8D11-00A0C91BC942}") = "delimitedtextprovider", "src\providers\delimitedtext\delimitedtextprovider.vcproj", "{C71C1374-96A9-4FD0-A1CB-31380DA65AF7}"
	ProjectSection(ProjectDependencies) = postProject
		{6650D845-6916-4CC4-856C-35BBF1287069} = {6650D845-6916-4CC4-856C-35BBF1287069}
		{919C565B-C961-4BE8-A427-4E0F85E9BBA8} = {919C565B-C961-4BE8-A427-4E0F85E9BBA8}
	EndProjectSection
EndProject
Project("{8BC9CEB8-8B4A-11D0-8D11-00A0C91BC942}") = "diagramoverlay", "src\plugins\diagram_overlay\diagramoverlay.vcproj", "{0557ECD8-EC6E-4109-9947-AC8D528E40E5}"
	ProjectSection(ProjectDependencies) = postProject
		{6650D845-6916-4CC4-856C-35BBF1287069} = {6650D845-6916-4CC4-856C-35BBF1287069}
		{44A2614F-EDAB-4E42-9F72-EF791A7E0462} = {44A2614F-EDAB-4E42-9F72-EF791A7E0462}
		{919C565B-C961-4BE8-A427-4E0F85E9BBA8} = {919C565B-C961-4BE8-A427-4E0F85E9BBA8}
	EndProjectSection
EndProject
Project("{8BC9CEB8-8B4A-11D0-8D11-00A0C91BC942}") = "displacementplugin", "src\plugins\point_displacement_renderer\displacementplugin.vcproj", "{A599B10E-3156-4655-BBB6-6F86B788FBEA}"
	ProjectSection(ProjectDependencies) = postProject
		{6650D845-6916-4CC4-856C-35BBF1287069} = {6650D845-6916-4CC4-856C-35BBF1287069}
		{44A2614F-EDAB-4E42-9F72-EF791A7E0462} = {44A2614F-EDAB-4E42-9F72-EF791A7E0462}
		{919C565B-C961-4BE8-A427-4E0F85E9BBA8} = {919C565B-C961-4BE8-A427-4E0F85E9BBA8}
	EndProjectSection
EndProject
Project("{8BC9CEB8-8B4A-11D0-8D11-00A0C91BC942}") = "dxf2shpconverterplugin", "src\plugins\dxf2shp_converter\dxf2shpconverterplugin.vcproj", "{C39D2CCB-33A6-4C43-A87C-D9086FCA301B}"
	ProjectSection(ProjectDependencies) = postProject
		{6650D845-6916-4CC4-856C-35BBF1287069} = {6650D845-6916-4CC4-856C-35BBF1287069}
		{44A2614F-EDAB-4E42-9F72-EF791A7E0462} = {44A2614F-EDAB-4E42-9F72-EF791A7E0462}
		{919C565B-C961-4BE8-A427-4E0F85E9BBA8} = {919C565B-C961-4BE8-A427-4E0F85E9BBA8}
	EndProjectSection
EndProject
Project("{8BC9CEB8-8B4A-11D0-8D11-00A0C91BC942}") = "evis", "src\plugins\evis\evis.vcproj", "{B1C011D2-742D-4D8E-998F-91E28AF383D7}"
	ProjectSection(ProjectDependencies) = postProject
		{6650D845-6916-4CC4-856C-35BBF1287069} = {6650D845-6916-4CC4-856C-35BBF1287069}
		{44A2614F-EDAB-4E42-9F72-EF791A7E0462} = {44A2614F-EDAB-4E42-9F72-EF791A7E0462}
		{919C565B-C961-4BE8-A427-4E0F85E9BBA8} = {919C565B-C961-4BE8-A427-4E0F85E9BBA8}
	EndProjectSection
EndProject
Project("{8BC9CEB8-8B4A-11D0-8D11-00A0C91BC942}") = "gdalprovider", "src\providers\gdal\gdalprovider.vcproj", "{BC8C0318-B3C9-4B06-9239-953C1CE8B483}"
	ProjectSection(ProjectDependencies) = postProject
		{6650D845-6916-4CC4-856C-35BBF1287069} = {6650D845-6916-4CC4-856C-35BBF1287069}
		{919C565B-C961-4BE8-A427-4E0F85E9BBA8} = {919C565B-C961-4BE8-A427-4E0F85E9BBA8}
	EndProjectSection
EndProject
Project("{8BC9CEB8-8B4A-11D0-8D11-00A0C91BC942}") = "gpsimporterplugin", "src\plugins\gps_importer\gpsimporterplugin.vcproj", "{194D0DE8-1FB8-44C9-937A-7A41050B73F8}"
	ProjectSection(ProjectDependencies) = postProject
		{6650D845-6916-4CC4-856C-35BBF1287069} = {6650D845-6916-4CC4-856C-35BBF1287069}
		{44A2614F-EDAB-4E42-9F72-EF791A7E0462} = {44A2614F-EDAB-4E42-9F72-EF791A7E0462}
		{919C565B-C961-4BE8-A427-4E0F85E9BBA8} = {919C565B-C961-4BE8-A427-4E0F85E9BBA8}
	EndProjectSection
EndProject
Project("{8BC9CEB8-8B4A-11D0-8D11-00A0C91BC942}") = "gpxprovider", "src\providers\gpx\gpxprovider.vcproj", "{4B686CE8-36E1-47DB-97B0-FBC98C224FE2}"
	ProjectSection(ProjectDependencies) = postProject
		{6650D845-6916-4CC4-856C-35BBF1287069} = {6650D845-6916-4CC4-856C-35BBF1287069}
		{919C565B-C961-4BE8-A427-4E0F85E9BBA8} = {919C565B-C961-4BE8-A427-4E0F85E9BBA8}
	EndProjectSection
EndProject
Project("{8BC9CEB8-8B4A-11D0-8D11-00A0C91BC942}") = "interpolationplugin", "src\plugins\interpolation\interpolationplugin.vcproj", "{6B6AC3F6-837C-4DF6-9C97-82152398A2C4}"
	ProjectSection(ProjectDependencies) = postProject
		{521DED36-85B2-4AAC-A4F9-3A9FE4A08ACF} = {521DED36-85B2-4AAC-A4F9-3A9FE4A08ACF}
		{6650D845-6916-4CC4-856C-35BBF1287069} = {6650D845-6916-4CC4-856C-35BBF1287069}
		{44A2614F-EDAB-4E42-9F72-EF791A7E0462} = {44A2614F-EDAB-4E42-9F72-EF791A7E0462}
		{919C565B-C961-4BE8-A427-4E0F85E9BBA8} = {919C565B-C961-4BE8-A427-4E0F85E9BBA8}
	EndProjectSection
EndProject
Project("{8BC9CEB8-8B4A-11D0-8D11-00A0C91BC942}") = "memoryprovider", "src\providers\memory\memoryprovider.vcproj", "{F49B6C80-C944-4302-8224-9DC6B06101C2}"
	ProjectSection(ProjectDependencies) = postProject
		{6650D845-6916-4CC4-856C-35BBF1287069} = {6650D845-6916-4CC4-856C-35BBF1287069}
		{919C565B-C961-4BE8-A427-4E0F85E9BBA8} = {919C565B-C961-4BE8-A427-4E0F85E9BBA8}
	EndProjectSection
EndProject
Project("{8BC9CEB8-8B4A-11D0-8D11-00A0C91BC942}") = "northarrowplugin", "src\plugins\north_arrow\northarrowplugin.vcproj", "{EC8BF5C8-C516-4055-8292-B0E835006B57}"
	ProjectSection(ProjectDependencies) = postProject
		{6650D845-6916-4CC4-856C-35BBF1287069} = {6650D845-6916-4CC4-856C-35BBF1287069}
		{44A2614F-EDAB-4E42-9F72-EF791A7E0462} = {44A2614F-EDAB-4E42-9F72-EF791A7E0462}
		{919C565B-C961-4BE8-A427-4E0F85E9BBA8} = {919C565B-C961-4BE8-A427-4E0F85E9BBA8}
	EndProjectSection
EndProject
Project("{8BC9CEB8-8B4A-11D0-8D11-00A0C91BC942}") = "ogrprovider", "src\providers\ogr\ogrprovider.vcproj", "{6D25FADC-290B-4659-BCB5-788CAEF172EC}"
	ProjectSection(ProjectDependencies) = postProject
		{6650D845-6916-4CC4-856C-35BBF1287069} = {6650D845-6916-4CC4-856C-35BBF1287069}
		{919C565B-C961-4BE8-A427-4E0F85E9BBA8} = {919C565B-C961-4BE8-A427-4E0F85E9BBA8}
	EndProjectSection
EndProject
Project("{8BC9CEB8-8B4A-11D0-8D11-00A0C91BC942}") = "oracleplugin", "src\plugins\oracle_raster\oracleplugin.vcproj", "{6A0FEDF1-3C83-4783-90DC-9665650BA9D8}"
	ProjectSection(ProjectDependencies) = postProject
		{6650D845-6916-4CC4-856C-35BBF1287069} = {6650D845-6916-4CC4-856C-35BBF1287069}
		{44A2614F-EDAB-4E42-9F72-EF791A7E0462} = {44A2614F-EDAB-4E42-9F72-EF791A7E0462}
		{919C565B-C961-4BE8-A427-4E0F85E9BBA8} = {919C565B-C961-4BE8-A427-4E0F85E9BBA8}
	EndProjectSection
EndProject
Project("{8BC9CEB8-8B4A-11D0-8D11-00A0C91BC942}") = "osmprovider", "src\providers\osm\osmprovider.vcproj", "{16E775BE-6D4D-44A2-B7D4-FFC966115E4A}"
	ProjectSection(ProjectDependencies) = postProject
		{6650D845-6916-4CC4-856C-35BBF1287069} = {6650D845-6916-4CC4-856C-35BBF1287069}
		{919C565B-C961-4BE8-A427-4E0F85E9BBA8} = {919C565B-C961-4BE8-A427-4E0F85E9BBA8}
	EndProjectSection
EndProject
Project("{8BC9CEB8-8B4A-11D0-8D11-00A0C91BC942}") = "qgis", "src\app\qgis.vcproj", "{FADFB218-581B-4940-A540-EC062894DB41}"
	ProjectSection(ProjectDependencies) = postProject
		{521DED36-85B2-4AAC-A4F9-3A9FE4A08ACF} = {521DED36-85B2-4AAC-A4F9-3A9FE4A08ACF}
		{6650D845-6916-4CC4-856C-35BBF1287069} = {6650D845-6916-4CC4-856C-35BBF1287069}
		{44A2614F-EDAB-4E42-9F72-EF791A7E0462} = {44A2614F-EDAB-4E42-9F72-EF791A7E0462}
		{919C565B-C961-4BE8-A427-4E0F85E9BBA8} = {919C565B-C961-4BE8-A427-4E0F85E9BBA8}
	EndProjectSection
EndProject
Project("{8BC9CEB8-8B4A-11D0-8D11-00A0C91BC942}") = "qgis_analysis", "src\analysis\qgis_analysis.vcproj", "{521DED36-85B2-4AAC-A4F9-3A9FE4A08ACF}"
	ProjectSection(ProjectDependencies) = postProject
		{6650D845-6916-4CC4-856C-35BBF1287069} = {6650D845-6916-4CC4-856C-35BBF1287069}
		{919C565B-C961-4BE8-A427-4E0F85E9BBA8} = {919C565B-C961-4BE8-A427-4E0F85E9BBA8}
	EndProjectSection
EndProject
Project("{8BC9CEB8-8B4A-11D0-8D11-00A0C91BC942}") = "qgis_core", "src\core\qgis_core.vcproj", "{6650D845-6916-4CC4-856C-35BBF1287069}"
	ProjectSection(ProjectDependencies) = postProject
		{919C565B-C961-4BE8-A427-4E0F85E9BBA8} = {919C565B-C961-4BE8-A427-4E0F85E9BBA8}
		{BAA1A7BB-553A-44DB-B20A-DFE6A75CF7B4} = {BAA1A7BB-553A-44DB-B20A-DFE6A75CF7B4}
	EndProjectSection
EndProject
Project("{8BC9CEB8-8B4A-11D0-8D11-00A0C91BC942}") = "qgis_gui", "src\gui\qgis_gui.vcproj", "{44A2614F-EDAB-4E42-9F72-EF791A7E0462}"
	ProjectSection(ProjectDependencies) = postProject
		{6650D845-6916-4CC4-856C-35BBF1287069} = {6650D845-6916-4CC4-856C-35BBF1287069}
		{919C565B-C961-4BE8-A427-4E0F85E9BBA8} = {919C565B-C961-4BE8-A427-4E0F85E9BBA8}
		{4EB5A1D7-7EA1-4C83-BA0D-CAA8D3E9CA73} = {4EB5A1D7-7EA1-4C83-BA0D-CAA8D3E9CA73}
	EndProjectSection
EndProject
Project("{8BC9CEB8-8B4A-11D0-8D11-00A0C91BC942}") = "qgis_help", "src\helpviewer\qgis_help.vcproj", "{F2912361-5BA9-4F70-8B00-B6E2D661ED9D}"
	ProjectSection(ProjectDependencies) = postProject
		{6650D845-6916-4CC4-856C-35BBF1287069} = {6650D845-6916-4CC4-856C-35BBF1287069}
		{919C565B-C961-4BE8-A427-4E0F85E9BBA8} = {919C565B-C961-4BE8-A427-4E0F85E9BBA8}
	EndProjectSection
EndProject
Project("{8BC9CEB8-8B4A-11D0-8D11-00A0C91BC942}") = "qgissqlanyconnection", "src\providers\sqlanywhere\sqlanyconnection\qgissqlanyconnection.vcproj", "{C0C02074-6A9F-4E62-9162-324458F003E6}"
	ProjectSection(ProjectDependencies) = postProject
		{6650D845-6916-4CC4-856C-35BBF1287069} = {6650D845-6916-4CC4-856C-35BBF1287069}
		{919C565B-C961-4BE8-A427-4E0F85E9BBA8} = {919C565B-C961-4BE8-A427-4E0F85E9BBA8}
	EndProjectSection
EndProject
Project("{8BC9CEB8-8B4A-11D0-8D11-00A0C91BC942}") = "rasterterrainplugin", "src\plugins\raster_terrain_analysis\rasterterrainplugin.vcproj", "{E4A6A833-0F30-40F6-8913-4B57B82F4432}"
	ProjectSection(ProjectDependencies) = postProject
		{521DED36-85B2-4AAC-A4F9-3A9FE4A08ACF} = {521DED36-85B2-4AAC-A4F9-3A9FE4A08ACF}
		{6650D845-6916-4CC4-856C-35BBF1287069} = {6650D845-6916-4CC4-856C-35BBF1287069}
		{44A2614F-EDAB-4E42-9F72-EF791A7E0462} = {44A2614F-EDAB-4E42-9F72-EF791A7E0462}
		{919C565B-C961-4BE8-A427-4E0F85E9BBA8} = {919C565B-C961-4BE8-A427-4E0F85E9BBA8}
	EndProjectSection
EndProject
Project("{8BC9CEB8-8B4A-11D0-8D11-00A0C91BC942}") = "roadgraphplugin", "src\plugins\roadgraph\roadgraphplugin.vcproj", "{8D8CC28D-7400-4506-B110-B3249A3AD145}"
	ProjectSection(ProjectDependencies) = postProject
		{6650D845-6916-4CC4-856C-35BBF1287069} = {6650D845-6916-4CC4-856C-35BBF1287069}
		{44A2614F-EDAB-4E42-9F72-EF791A7E0462} = {44A2614F-EDAB-4E42-9F72-EF791A7E0462}
		{919C565B-C961-4BE8-A427-4E0F85E9BBA8} = {919C565B-C961-4BE8-A427-4E0F85E9BBA8}
	EndProjectSection
EndProject
Project("{8BC9CEB8-8B4A-11D0-8D11-00A0C91BC942}") = "scalebarplugin", "src\plugins\scale_bar\scalebarplugin.vcproj", "{C1E6820E-3167-4F37-A1B3-3952957C18A7}"
	ProjectSection(ProjectDependencies) = postProject
		{6650D845-6916-4CC4-856C-35BBF1287069} = {6650D845-6916-4CC4-856C-35BBF1287069}
		{44A2614F-EDAB-4E42-9F72-EF791A7E0462} = {44A2614F-EDAB-4E42-9F72-EF791A7E0462}
		{919C565B-C961-4BE8-A427-4E0F85E9BBA8} = {919C565B-C961-4BE8-A427-4E0F85E9BBA8}
	EndProjectSection
EndProject
Project("{8BC9CEB8-8B4A-11D0-8D11-00A0C91BC942}") = "spatialqueryplugin", "src\plugins\spatialquery\spatialqueryplugin.vcproj", "{4B094784-2BB2-4903-BC33-E349C89B5105}"
	ProjectSection(ProjectDependencies) = postProject
		{6650D845-6916-4CC4-856C-35BBF1287069} = {6650D845-6916-4CC4-856C-35BBF1287069}
		{44A2614F-EDAB-4E42-9F72-EF791A7E0462} = {44A2614F-EDAB-4E42-9F72-EF791A7E0462}
		{919C565B-C961-4BE8-A427-4E0F85E9BBA8} = {919C565B-C961-4BE8-A427-4E0F85E9BBA8}
	EndProjectSection
EndProject
Project("{8BC9CEB8-8B4A-11D0-8D11-00A0C91BC942}") = "sqlanywhereplugin", "src\plugins\sqlanywhere\sqlanywhereplugin.vcproj", "{AB6B36BE-6012-4925-9DDD-453CE1A449E7}"
	ProjectSection(ProjectDependencies) = postProject
		{6650D845-6916-4CC4-856C-35BBF1287069} = {6650D845-6916-4CC4-856C-35BBF1287069}
		{44A2614F-EDAB-4E42-9F72-EF791A7E0462} = {44A2614F-EDAB-4E42-9F72-EF791A7E0462}
		{919C565B-C961-4BE8-A427-4E0F85E9BBA8} = {919C565B-C961-4BE8-A427-4E0F85E9BBA8}
		{C0C02074-6A9F-4E62-9162-324458F003E6} = {C0C02074-6A9F-4E62-9162-324458F003E6}
	EndProjectSection
EndProject
Project("{8BC9CEB8-8B4A-11D0-8D11-00A0C91BC942}") = "sqlanywhereprovider", "src\providers\sqlanywhere\sqlanywhereprovider.vcproj", "{3DD5E0EE-BDB6-46FE-82D4-2D781E8614AD}"
	ProjectSection(ProjectDependencies) = postProject
		{6650D845-6916-4CC4-856C-35BBF1287069} = {6650D845-6916-4CC4-856C-35BBF1287069}
		{919C565B-C961-4BE8-A427-4E0F85E9BBA8} = {919C565B-C961-4BE8-A427-4E0F85E9BBA8}
		{C0C02074-6A9F-4E62-9162-324458F003E6} = {C0C02074-6A9F-4E62-9162-324458F003E6}
	EndProjectSection
EndProject
Project("{8BC9CEB8-8B4A-11D0-8D11-00A0C91BC942}") = "translations", "i18n\translations.vcproj", "{23A0FC68-D575-4E10-B00E-6907811B3C93}"
	ProjectSection(ProjectDependencies) = postProject
		{FADFB218-581B-4940-A540-EC062894DB41} = {FADFB218-581B-4940-A540-EC062894DB41}
		{919C565B-C961-4BE8-A427-4E0F85E9BBA8} = {919C565B-C961-4BE8-A427-4E0F85E9BBA8}
	EndProjectSection
EndProject
Project("{8BC9CEB8-8B4A-11D0-8D11-00A0C91BC942}") = "ui", "src\ui\ui.vcproj", "{4EB5A1D7-7EA1-4C83-BA0D-CAA8D3E9CA73}"
	ProjectSection(ProjectDependencies) = postProject
		{919C565B-C961-4BE8-A427-4E0F85E9BBA8} = {919C565B-C961-4BE8-A427-4E0F85E9BBA8}
	EndProjectSection
EndProject
Project("{8BC9CEB8-8B4A-11D0-8D11-00A0C91BC942}") = "uninstall", "uninstall.vcproj", "{E12EF108-E9F6-40A7-9BDC-DE27694312E3}"
	ProjectSection(ProjectDependencies) = postProject
		{919C565B-C961-4BE8-A427-4E0F85E9BBA8} = {919C565B-C961-4BE8-A427-4E0F85E9BBA8}
	EndProjectSection
EndProject
Project("{8BC9CEB8-8B4A-11D0-8D11-00A0C91BC942}") = "version", "version.vcproj", "{BAA1A7BB-553A-44DB-B20A-DFE6A75CF7B4}"
	ProjectSection(ProjectDependencies) = postProject
		{919C565B-C961-4BE8-A427-4E0F85E9BBA8} = {919C565B-C961-4BE8-A427-4E0F85E9BBA8}
	EndProjectSection
EndProject
Project("{8BC9CEB8-8B4A-11D0-8D11-00A0C91BC942}") = "wfsplugin", "src\plugins\wfs\wfsplugin.vcproj", "{8AE65787-51C0-43EE-ABCC-D19C051A9DEC}"
	ProjectSection(ProjectDependencies) = postProject
		{6650D845-6916-4CC4-856C-35BBF1287069} = {6650D845-6916-4CC4-856C-35BBF1287069}
		{44A2614F-EDAB-4E42-9F72-EF791A7E0462} = {44A2614F-EDAB-4E42-9F72-EF791A7E0462}
		{919C565B-C961-4BE8-A427-4E0F85E9BBA8} = {919C565B-C961-4BE8-A427-4E0F85E9BBA8}
	EndProjectSection
EndProject
Project("{8BC9CEB8-8B4A-11D0-8D11-00A0C91BC942}") = "wfsprovider", "src\providers\wfs\wfsprovider.vcproj", "{7BEA286C-ECAC-48DA-8BB1-8EA9626F61F0}"
	ProjectSection(ProjectDependencies) = postProject
		{6650D845-6916-4CC4-856C-35BBF1287069} = {6650D845-6916-4CC4-856C-35BBF1287069}
		{919C565B-C961-4BE8-A427-4E0F85E9BBA8} = {919C565B-C961-4BE8-A427-4E0F85E9BBA8}
	EndProjectSection
EndProject
Project("{8BC9CEB8-8B4A-11D0-8D11-00A0C91BC942}") = "wmsprovider", "src\providers\wms\wmsprovider.vcproj", "{50E490A3-C6D4-4194-A261-448328659FEE}"
	ProjectSection(ProjectDependencies) = postProject
		{6650D845-6916-4CC4-856C-35BBF1287069} = {6650D845-6916-4CC4-856C-35BBF1287069}
		{919C565B-C961-4BE8-A427-4E0F85E9BBA8} = {919C565B-C961-4BE8-A427-4E0F85E9BBA8}
	EndProjectSection
EndProject
Project("{2150E333-8FDC-42A3-9474-1A3956D46DE8}") = "Core", "Core", "{5A3473BD-2AE0-4D13-A4C3-312CEA7CFE85}"
EndProject
Project("{2150E333-8FDC-42A3-9474-1A3956D46DE8}") = "Other", "Other", "{09210857-9EA4-4CCA-9FFA-B0A8185D6F29}"
EndProject
Global
	GlobalSection(SolutionConfigurationPlatforms) = preSolution
		Debug|Win32 = Debug|Win32
		MinSizeRel|Win32 = MinSizeRel|Win32
		Release|Win32 = Release|Win32
		RelWithDebInfo|Win32 = RelWithDebInfo|Win32
	EndGlobalSection
	GlobalSection(ProjectConfigurationPlatforms) = postSolution
		{7CA37F25-6DD3-4609-B050-62778F2232E8}.Debug|Win32.ActiveCfg = Debug|Win32
		{7CA37F25-6DD3-4609-B050-62778F2232E8}.Debug|Win32.Build.0 = Debug|Win32
		{7CA37F25-6DD3-4609-B050-62778F2232E8}.MinSizeRel|Win32.ActiveCfg = MinSizeRel|Win32
		{7CA37F25-6DD3-4609-B050-62778F2232E8}.MinSizeRel|Win32.Build.0 = MinSizeRel|Win32
		{7CA37F25-6DD3-4609-B050-62778F2232E8}.Release|Win32.ActiveCfg = Release|Win32
		{7CA37F25-6DD3-4609-B050-62778F2232E8}.Release|Win32.Build.0 = Release|Win32
		{7CA37F25-6DD3-4609-B050-62778F2232E8}.RelWithDebInfo|Win32.ActiveCfg = RelWithDebInfo|Win32
		{7CA37F25-6DD3-4609-B050-62778F2232E8}.RelWithDebInfo|Win32.Build.0 = RelWithDebInfo|Win32
		{E9DCEAB7-DC5D-4D81-A690-4E2164C4106E}.Debug|Win32.ActiveCfg = Debug|Win32
		{E9DCEAB7-DC5D-4D81-A690-4E2164C4106E}.MinSizeRel|Win32.ActiveCfg = MinSizeRel|Win32
		{E9DCEAB7-DC5D-4D81-A690-4E2164C4106E}.Release|Win32.ActiveCfg = Release|Win32
		{E9DCEAB7-DC5D-4D81-A690-4E2164C4106E}.RelWithDebInfo|Win32.ActiveCfg = RelWithDebInfo|Win32
		{13501F9C-93EC-45C0-994F-D4AB5A76AF35}.Debug|Win32.ActiveCfg = Debug|Win32
		{13501F9C-93EC-45C0-994F-D4AB5A76AF35}.MinSizeRel|Win32.ActiveCfg = MinSizeRel|Win32
		{13501F9C-93EC-45C0-994F-D4AB5A76AF35}.Release|Win32.ActiveCfg = Release|Win32
		{13501F9C-93EC-45C0-994F-D4AB5A76AF35}.RelWithDebInfo|Win32.ActiveCfg = RelWithDebInfo|Win32
		{919C565B-C961-4BE8-A427-4E0F85E9BBA8}.Debug|Win32.ActiveCfg = Debug|Win32
		{919C565B-C961-4BE8-A427-4E0F85E9BBA8}.Debug|Win32.Build.0 = Debug|Win32
		{919C565B-C961-4BE8-A427-4E0F85E9BBA8}.MinSizeRel|Win32.ActiveCfg = MinSizeRel|Win32
		{919C565B-C961-4BE8-A427-4E0F85E9BBA8}.MinSizeRel|Win32.Build.0 = MinSizeRel|Win32
		{919C565B-C961-4BE8-A427-4E0F85E9BBA8}.Release|Win32.ActiveCfg = Release|Win32
		{919C565B-C961-4BE8-A427-4E0F85E9BBA8}.Release|Win32.Build.0 = Release|Win32
		{919C565B-C961-4BE8-A427-4E0F85E9BBA8}.RelWithDebInfo|Win32.ActiveCfg = RelWithDebInfo|Win32
		{919C565B-C961-4BE8-A427-4E0F85E9BBA8}.RelWithDebInfo|Win32.Build.0 = RelWithDebInfo|Win32
		{8E38F54B-BD4C-4C2A-9AFD-054917A0FD57}.Debug|Win32.ActiveCfg = Debug|Win32
		{8E38F54B-BD4C-4C2A-9AFD-054917A0FD57}.Debug|Win32.Build.0 = Debug|Win32
		{8E38F54B-BD4C-4C2A-9AFD-054917A0FD57}.MinSizeRel|Win32.ActiveCfg = MinSizeRel|Win32
		{8E38F54B-BD4C-4C2A-9AFD-054917A0FD57}.MinSizeRel|Win32.Build.0 = MinSizeRel|Win32
		{8E38F54B-BD4C-4C2A-9AFD-054917A0FD57}.Release|Win32.ActiveCfg = Release|Win32
		{8E38F54B-BD4C-4C2A-9AFD-054917A0FD57}.Release|Win32.Build.0 = Release|Win32
		{8E38F54B-BD4C-4C2A-9AFD-054917A0FD57}.RelWithDebInfo|Win32.ActiveCfg = RelWithDebInfo|Win32
		{8E38F54B-BD4C-4C2A-9AFD-054917A0FD57}.RelWithDebInfo|Win32.Build.0 = RelWithDebInfo|Win32
		{6DA6FDDC-49FE-4286-A4C3-9FF7A12FC2AE}.Debug|Win32.ActiveCfg = Debug|Win32
		{6DA6FDDC-49FE-4286-A4C3-9FF7A12FC2AE}.Debug|Win32.Build.0 = Debug|Win32
		{6DA6FDDC-49FE-4286-A4C3-9FF7A12FC2AE}.MinSizeRel|Win32.ActiveCfg = MinSizeRel|Win32
		{6DA6FDDC-49FE-4286-A4C3-9FF7A12FC2AE}.MinSizeRel|Win32.Build.0 = MinSizeRel|Win32
		{6DA6FDDC-49FE-4286-A4C3-9FF7A12FC2AE}.Release|Win32.ActiveCfg = Release|Win32
		{6DA6FDDC-49FE-4286-A4C3-9FF7A12FC2AE}.Release|Win32.Build.0 = Release|Win32
		{6DA6FDDC-49FE-4286-A4C3-9FF7A12FC2AE}.RelWithDebInfo|Win32.ActiveCfg = RelWithDebInfo|Win32
		{6DA6FDDC-49FE-4286-A4C3-9FF7A12FC2AE}.RelWithDebInfo|Win32.Build.0 = RelWithDebInfo|Win32
		{04723FF1-5EAD-4006-9BFE-8B930B8843C6}.Debug|Win32.ActiveCfg = Debug|Win32
		{04723FF1-5EAD-4006-9BFE-8B930B8843C6}.Debug|Win32.Build.0 = Debug|Win32
		{04723FF1-5EAD-4006-9BFE-8B930B8843C6}.MinSizeRel|Win32.ActiveCfg = MinSizeRel|Win32
		{04723FF1-5EAD-4006-9BFE-8B930B8843C6}.MinSizeRel|Win32.Build.0 = MinSizeRel|Win32
		{04723FF1-5EAD-4006-9BFE-8B930B8843C6}.Release|Win32.ActiveCfg = Release|Win32
		{04723FF1-5EAD-4006-9BFE-8B930B8843C6}.Release|Win32.Build.0 = Release|Win32
		{04723FF1-5EAD-4006-9BFE-8B930B8843C6}.RelWithDebInfo|Win32.ActiveCfg = RelWithDebInfo|Win32
		{04723FF1-5EAD-4006-9BFE-8B930B8843C6}.RelWithDebInfo|Win32.Build.0 = RelWithDebInfo|Win32
		{FEDDF8C3-6579-4554-A6F6-B663B03B6777}.Debug|Win32.ActiveCfg = Debug|Win32
		{FEDDF8C3-6579-4554-A6F6-B663B03B6777}.Debug|Win32.Build.0 = Debug|Win32
		{FEDDF8C3-6579-4554-A6F6-B663B03B6777}.MinSizeRel|Win32.ActiveCfg = MinSizeRel|Win32
		{FEDDF8C3-6579-4554-A6F6-B663B03B6777}.MinSizeRel|Win32.Build.0 = MinSizeRel|Win32
		{FEDDF8C3-6579-4554-A6F6-B663B03B6777}.Release|Win32.ActiveCfg = Release|Win32
		{FEDDF8C3-6579-4554-A6F6-B663B03B6777}.Release|Win32.Build.0 = Release|Win32
		{FEDDF8C3-6579-4554-A6F6-B663B03B6777}.RelWithDebInfo|Win32.ActiveCfg = RelWithDebInfo|Win32
		{FEDDF8C3-6579-4554-A6F6-B663B03B6777}.RelWithDebInfo|Win32.Build.0 = RelWithDebInfo|Win32
		{C71C1374-96A9-4FD0-A1CB-31380DA65AF7}.Debug|Win32.ActiveCfg = Debug|Win32
		{C71C1374-96A9-4FD0-A1CB-31380DA65AF7}.Debug|Win32.Build.0 = Debug|Win32
		{C71C1374-96A9-4FD0-A1CB-31380DA65AF7}.MinSizeRel|Win32.ActiveCfg = MinSizeRel|Win32
		{C71C1374-96A9-4FD0-A1CB-31380DA65AF7}.MinSizeRel|Win32.Build.0 = MinSizeRel|Win32
		{C71C1374-96A9-4FD0-A1CB-31380DA65AF7}.Release|Win32.ActiveCfg = Release|Win32
		{C71C1374-96A9-4FD0-A1CB-31380DA65AF7}.Release|Win32.Build.0 = Release|Win32
		{C71C1374-96A9-4FD0-A1CB-31380DA65AF7}.RelWithDebInfo|Win32.ActiveCfg = RelWithDebInfo|Win32
		{C71C1374-96A9-4FD0-A1CB-31380DA65AF7}.RelWithDebInfo|Win32.Build.0 = RelWithDebInfo|Win32
		{0557ECD8-EC6E-4109-9947-AC8D528E40E5}.Debug|Win32.ActiveCfg = Debug|Win32
		{0557ECD8-EC6E-4109-9947-AC8D528E40E5}.Debug|Win32.Build.0 = Debug|Win32
		{0557ECD8-EC6E-4109-9947-AC8D528E40E5}.MinSizeRel|Win32.ActiveCfg = MinSizeRel|Win32
		{0557ECD8-EC6E-4109-9947-AC8D528E40E5}.MinSizeRel|Win32.Build.0 = MinSizeRel|Win32
		{0557ECD8-EC6E-4109-9947-AC8D528E40E5}.Release|Win32.ActiveCfg = Release|Win32
		{0557ECD8-EC6E-4109-9947-AC8D528E40E5}.Release|Win32.Build.0 = Release|Win32
		{0557ECD8-EC6E-4109-9947-AC8D528E40E5}.RelWithDebInfo|Win32.ActiveCfg = RelWithDebInfo|Win32
		{0557ECD8-EC6E-4109-9947-AC8D528E40E5}.RelWithDebInfo|Win32.Build.0 = RelWithDebInfo|Win32
		{A599B10E-3156-4655-BBB6-6F86B788FBEA}.Debug|Win32.ActiveCfg = Debug|Win32
		{A599B10E-3156-4655-BBB6-6F86B788FBEA}.Debug|Win32.Build.0 = Debug|Win32
		{A599B10E-3156-4655-BBB6-6F86B788FBEA}.MinSizeRel|Win32.ActiveCfg = MinSizeRel|Win32
		{A599B10E-3156-4655-BBB6-6F86B788FBEA}.MinSizeRel|Win32.Build.0 = MinSizeRel|Win32
		{A599B10E-3156-4655-BBB6-6F86B788FBEA}.Release|Win32.ActiveCfg = Release|Win32
		{A599B10E-3156-4655-BBB6-6F86B788FBEA}.Release|Win32.Build.0 = Release|Win32
		{A599B10E-3156-4655-BBB6-6F86B788FBEA}.RelWithDebInfo|Win32.ActiveCfg = RelWithDebInfo|Win32
		{A599B10E-3156-4655-BBB6-6F86B788FBEA}.RelWithDebInfo|Win32.Build.0 = RelWithDebInfo|Win32
		{C39D2CCB-33A6-4C43-A87C-D9086FCA301B}.Debug|Win32.ActiveCfg = Debug|Win32
		{C39D2CCB-33A6-4C43-A87C-D9086FCA301B}.Debug|Win32.Build.0 = Debug|Win32
		{C39D2CCB-33A6-4C43-A87C-D9086FCA301B}.MinSizeRel|Win32.ActiveCfg = MinSizeRel|Win32
		{C39D2CCB-33A6-4C43-A87C-D9086FCA301B}.MinSizeRel|Win32.Build.0 = MinSizeRel|Win32
		{C39D2CCB-33A6-4C43-A87C-D9086FCA301B}.Release|Win32.ActiveCfg = Release|Win32
		{C39D2CCB-33A6-4C43-A87C-D9086FCA301B}.Release|Win32.Build.0 = Release|Win32
		{C39D2CCB-33A6-4C43-A87C-D9086FCA301B}.RelWithDebInfo|Win32.ActiveCfg = RelWithDebInfo|Win32
		{C39D2CCB-33A6-4C43-A87C-D9086FCA301B}.RelWithDebInfo|Win32.Build.0 = RelWithDebInfo|Win32
		{B1C011D2-742D-4D8E-998F-91E28AF383D7}.Debug|Win32.ActiveCfg = Debug|Win32
		{B1C011D2-742D-4D8E-998F-91E28AF383D7}.Debug|Win32.Build.0 = Debug|Win32
		{B1C011D2-742D-4D8E-998F-91E28AF383D7}.MinSizeRel|Win32.ActiveCfg = MinSizeRel|Win32
		{B1C011D2-742D-4D8E-998F-91E28AF383D7}.MinSizeRel|Win32.Build.0 = MinSizeRel|Win32
		{B1C011D2-742D-4D8E-998F-91E28AF383D7}.Release|Win32.ActiveCfg = Release|Win32
		{B1C011D2-742D-4D8E-998F-91E28AF383D7}.Release|Win32.Build.0 = Release|Win32
		{B1C011D2-742D-4D8E-998F-91E28AF383D7}.RelWithDebInfo|Win32.ActiveCfg = RelWithDebInfo|Win32
		{B1C011D2-742D-4D8E-998F-91E28AF383D7}.RelWithDebInfo|Win32.Build.0 = RelWithDebInfo|Win32
		{BC8C0318-B3C9-4B06-9239-953C1CE8B483}.Debug|Win32.ActiveCfg = Debug|Win32
		{BC8C0318-B3C9-4B06-9239-953C1CE8B483}.Debug|Win32.Build.0 = Debug|Win32
		{BC8C0318-B3C9-4B06-9239-953C1CE8B483}.MinSizeRel|Win32.ActiveCfg = MinSizeRel|Win32
		{BC8C0318-B3C9-4B06-9239-953C1CE8B483}.MinSizeRel|Win32.Build.0 = MinSizeRel|Win32
		{BC8C0318-B3C9-4B06-9239-953C1CE8B483}.Release|Win32.ActiveCfg = Release|Win32
		{BC8C0318-B3C9-4B06-9239-953C1CE8B483}.Release|Win32.Build.0 = Release|Win32
		{BC8C0318-B3C9-4B06-9239-953C1CE8B483}.RelWithDebInfo|Win32.ActiveCfg = RelWithDebInfo|Win32
		{BC8C0318-B3C9-4B06-9239-953C1CE8B483}.RelWithDebInfo|Win32.Build.0 = RelWithDebInfo|Win32
		{194D0DE8-1FB8-44C9-937A-7A41050B73F8}.Debug|Win32.ActiveCfg = Debug|Win32
		{194D0DE8-1FB8-44C9-937A-7A41050B73F8}.Debug|Win32.Build.0 = Debug|Win32
		{194D0DE8-1FB8-44C9-937A-7A41050B73F8}.MinSizeRel|Win32.ActiveCfg = MinSizeRel|Win32
		{194D0DE8-1FB8-44C9-937A-7A41050B73F8}.MinSizeRel|Win32.Build.0 = MinSizeRel|Win32
		{194D0DE8-1FB8-44C9-937A-7A41050B73F8}.Release|Win32.ActiveCfg = Release|Win32
		{194D0DE8-1FB8-44C9-937A-7A41050B73F8}.Release|Win32.Build.0 = Release|Win32
		{194D0DE8-1FB8-44C9-937A-7A41050B73F8}.RelWithDebInfo|Win32.ActiveCfg = RelWithDebInfo|Win32
		{194D0DE8-1FB8-44C9-937A-7A41050B73F8}.RelWithDebInfo|Win32.Build.0 = RelWithDebInfo|Win32
		{4B686CE8-36E1-47DB-97B0-FBC98C224FE2}.Debug|Win32.ActiveCfg = Debug|Win32
		{4B686CE8-36E1-47DB-97B0-FBC98C224FE2}.Debug|Win32.Build.0 = Debug|Win32
		{4B686CE8-36E1-47DB-97B0-FBC98C224FE2}.MinSizeRel|Win32.ActiveCfg = MinSizeRel|Win32
		{4B686CE8-36E1-47DB-97B0-FBC98C224FE2}.MinSizeRel|Win32.Build.0 = MinSizeRel|Win32
		{4B686CE8-36E1-47DB-97B0-FBC98C224FE2}.Release|Win32.ActiveCfg = Release|Win32
		{4B686CE8-36E1-47DB-97B0-FBC98C224FE2}.Release|Win32.Build.0 = Release|Win32
		{4B686CE8-36E1-47DB-97B0-FBC98C224FE2}.RelWithDebInfo|Win32.ActiveCfg = RelWithDebInfo|Win32
		{4B686CE8-36E1-47DB-97B0-FBC98C224FE2}.RelWithDebInfo|Win32.Build.0 = RelWithDebInfo|Win32
		{6B6AC3F6-837C-4DF6-9C97-82152398A2C4}.Debug|Win32.ActiveCfg = Debug|Win32
		{6B6AC3F6-837C-4DF6-9C97-82152398A2C4}.Debug|Win32.Build.0 = Debug|Win32
		{6B6AC3F6-837C-4DF6-9C97-82152398A2C4}.MinSizeRel|Win32.ActiveCfg = MinSizeRel|Win32
		{6B6AC3F6-837C-4DF6-9C97-82152398A2C4}.MinSizeRel|Win32.Build.0 = MinSizeRel|Win32
		{6B6AC3F6-837C-4DF6-9C97-82152398A2C4}.Release|Win32.ActiveCfg = Release|Win32
		{6B6AC3F6-837C-4DF6-9C97-82152398A2C4}.Release|Win32.Build.0 = Release|Win32
		{6B6AC3F6-837C-4DF6-9C97-82152398A2C4}.RelWithDebInfo|Win32.ActiveCfg = RelWithDebInfo|Win32
		{6B6AC3F6-837C-4DF6-9C97-82152398A2C4}.RelWithDebInfo|Win32.Build.0 = RelWithDebInfo|Win32
		{F49B6C80-C944-4302-8224-9DC6B06101C2}.Debug|Win32.ActiveCfg = Debug|Win32
		{F49B6C80-C944-4302-8224-9DC6B06101C2}.Debug|Win32.Build.0 = Debug|Win32
		{F49B6C80-C944-4302-8224-9DC6B06101C2}.MinSizeRel|Win32.ActiveCfg = MinSizeRel|Win32
		{F49B6C80-C944-4302-8224-9DC6B06101C2}.MinSizeRel|Win32.Build.0 = MinSizeRel|Win32
		{F49B6C80-C944-4302-8224-9DC6B06101C2}.Release|Win32.ActiveCfg = Release|Win32
		{F49B6C80-C944-4302-8224-9DC6B06101C2}.Release|Win32.Build.0 = Release|Win32
		{F49B6C80-C944-4302-8224-9DC6B06101C2}.RelWithDebInfo|Win32.ActiveCfg = RelWithDebInfo|Win32
		{F49B6C80-C944-4302-8224-9DC6B06101C2}.RelWithDebInfo|Win32.Build.0 = RelWithDebInfo|Win32
		{EC8BF5C8-C516-4055-8292-B0E835006B57}.Debug|Win32.ActiveCfg = Debug|Win32
		{EC8BF5C8-C516-4055-8292-B0E835006B57}.Debug|Win32.Build.0 = Debug|Win32
		{EC8BF5C8-C516-4055-8292-B0E835006B57}.MinSizeRel|Win32.ActiveCfg = MinSizeRel|Win32
		{EC8BF5C8-C516-4055-8292-B0E835006B57}.MinSizeRel|Win32.Build.0 = MinSizeRel|Win32
		{EC8BF5C8-C516-4055-8292-B0E835006B57}.Release|Win32.ActiveCfg = Release|Win32
		{EC8BF5C8-C516-4055-8292-B0E835006B57}.Release|Win32.Build.0 = Release|Win32
		{EC8BF5C8-C516-4055-8292-B0E835006B57}.RelWithDebInfo|Win32.ActiveCfg = RelWithDebInfo|Win32
		{EC8BF5C8-C516-4055-8292-B0E835006B57}.RelWithDebInfo|Win32.Build.0 = RelWithDebInfo|Win32
		{6D25FADC-290B-4659-BCB5-788CAEF172EC}.Debug|Win32.ActiveCfg = Debug|Win32
		{6D25FADC-290B-4659-BCB5-788CAEF172EC}.Debug|Win32.Build.0 = Debug|Win32
		{6D25FADC-290B-4659-BCB5-788CAEF172EC}.MinSizeRel|Win32.ActiveCfg = MinSizeRel|Win32
		{6D25FADC-290B-4659-BCB5-788CAEF172EC}.MinSizeRel|Win32.Build.0 = MinSizeRel|Win32
		{6D25FADC-290B-4659-BCB5-788CAEF172EC}.Release|Win32.ActiveCfg = Release|Win32
		{6D25FADC-290B-4659-BCB5-788CAEF172EC}.Release|Win32.Build.0 = Release|Win32
		{6D25FADC-290B-4659-BCB5-788CAEF172EC}.RelWithDebInfo|Win32.ActiveCfg = RelWithDebInfo|Win32
		{6D25FADC-290B-4659-BCB5-788CAEF172EC}.RelWithDebInfo|Win32.Build.0 = RelWithDebInfo|Win32
		{6A0FEDF1-3C83-4783-90DC-9665650BA9D8}.Debug|Win32.ActiveCfg = Debug|Win32
		{6A0FEDF1-3C83-4783-90DC-9665650BA9D8}.Debug|Win32.Build.0 = Debug|Win32
		{6A0FEDF1-3C83-4783-90DC-9665650BA9D8}.MinSizeRel|Win32.ActiveCfg = MinSizeRel|Win32
		{6A0FEDF1-3C83-4783-90DC-9665650BA9D8}.MinSizeRel|Win32.Build.0 = MinSizeRel|Win32
		{6A0FEDF1-3C83-4783-90DC-9665650BA9D8}.Release|Win32.ActiveCfg = Release|Win32
		{6A0FEDF1-3C83-4783-90DC-9665650BA9D8}.Release|Win32.Build.0 = Release|Win32
		{6A0FEDF1-3C83-4783-90DC-9665650BA9D8}.RelWithDebInfo|Win32.ActiveCfg = RelWithDebInfo|Win32
		{6A0FEDF1-3C83-4783-90DC-9665650BA9D8}.RelWithDebInfo|Win32.Build.0 = RelWithDebInfo|Win32
		{16E775BE-6D4D-44A2-B7D4-FFC966115E4A}.Debug|Win32.ActiveCfg = Debug|Win32
		{16E775BE-6D4D-44A2-B7D4-FFC966115E4A}.Debug|Win32.Build.0 = Debug|Win32
		{16E775BE-6D4D-44A2-B7D4-FFC966115E4A}.MinSizeRel|Win32.ActiveCfg = MinSizeRel|Win32
		{16E775BE-6D4D-44A2-B7D4-FFC966115E4A}.MinSizeRel|Win32.Build.0 = MinSizeRel|Win32
		{16E775BE-6D4D-44A2-B7D4-FFC966115E4A}.Release|Win32.ActiveCfg = Release|Win32
		{16E775BE-6D4D-44A2-B7D4-FFC966115E4A}.Release|Win32.Build.0 = Release|Win32
		{16E775BE-6D4D-44A2-B7D4-FFC966115E4A}.RelWithDebInfo|Win32.ActiveCfg = RelWithDebInfo|Win32
		{16E775BE-6D4D-44A2-B7D4-FFC966115E4A}.RelWithDebInfo|Win32.Build.0 = RelWithDebInfo|Win32
		{FADFB218-581B-4940-A540-EC062894DB41}.Debug|Win32.ActiveCfg = Debug|Win32
		{FADFB218-581B-4940-A540-EC062894DB41}.Debug|Win32.Build.0 = Debug|Win32
		{FADFB218-581B-4940-A540-EC062894DB41}.MinSizeRel|Win32.ActiveCfg = MinSizeRel|Win32
		{FADFB218-581B-4940-A540-EC062894DB41}.MinSizeRel|Win32.Build.0 = MinSizeRel|Win32
		{FADFB218-581B-4940-A540-EC062894DB41}.Release|Win32.ActiveCfg = Release|Win32
		{FADFB218-581B-4940-A540-EC062894DB41}.Release|Win32.Build.0 = Release|Win32
		{FADFB218-581B-4940-A540-EC062894DB41}.RelWithDebInfo|Win32.ActiveCfg = RelWithDebInfo|Win32
		{FADFB218-581B-4940-A540-EC062894DB41}.RelWithDebInfo|Win32.Build.0 = RelWithDebInfo|Win32
		{521DED36-85B2-4AAC-A4F9-3A9FE4A08ACF}.Debug|Win32.ActiveCfg = Debug|Win32
		{521DED36-85B2-4AAC-A4F9-3A9FE4A08ACF}.Debug|Win32.Build.0 = Debug|Win32
		{521DED36-85B2-4AAC-A4F9-3A9FE4A08ACF}.MinSizeRel|Win32.ActiveCfg = MinSizeRel|Win32
		{521DED36-85B2-4AAC-A4F9-3A9FE4A08ACF}.MinSizeRel|Win32.Build.0 = MinSizeRel|Win32
		{521DED36-85B2-4AAC-A4F9-3A9FE4A08ACF}.Release|Win32.ActiveCfg = Release|Win32
		{521DED36-85B2-4AAC-A4F9-3A9FE4A08ACF}.Release|Win32.Build.0 = Release|Win32
		{521DED36-85B2-4AAC-A4F9-3A9FE4A08ACF}.RelWithDebInfo|Win32.ActiveCfg = RelWithDebInfo|Win32
		{521DED36-85B2-4AAC-A4F9-3A9FE4A08ACF}.RelWithDebInfo|Win32.Build.0 = RelWithDebInfo|Win32
		{6650D845-6916-4CC4-856C-35BBF1287069}.Debug|Win32.ActiveCfg = Debug|Win32
		{6650D845-6916-4CC4-856C-35BBF1287069}.Debug|Win32.Build.0 = Debug|Win32
		{6650D845-6916-4CC4-856C-35BBF1287069}.MinSizeRel|Win32.ActiveCfg = MinSizeRel|Win32
		{6650D845-6916-4CC4-856C-35BBF1287069}.MinSizeRel|Win32.Build.0 = MinSizeRel|Win32
		{6650D845-6916-4CC4-856C-35BBF1287069}.Release|Win32.ActiveCfg = Release|Win32
		{6650D845-6916-4CC4-856C-35BBF1287069}.Release|Win32.Build.0 = Release|Win32
		{6650D845-6916-4CC4-856C-35BBF1287069}.RelWithDebInfo|Win32.ActiveCfg = RelWithDebInfo|Win32
		{6650D845-6916-4CC4-856C-35BBF1287069}.RelWithDebInfo|Win32.Build.0 = RelWithDebInfo|Win32
		{44A2614F-EDAB-4E42-9F72-EF791A7E0462}.Debug|Win32.ActiveCfg = Debug|Win32
		{44A2614F-EDAB-4E42-9F72-EF791A7E0462}.Debug|Win32.Build.0 = Debug|Win32
		{44A2614F-EDAB-4E42-9F72-EF791A7E0462}.MinSizeRel|Win32.ActiveCfg = MinSizeRel|Win32
		{44A2614F-EDAB-4E42-9F72-EF791A7E0462}.MinSizeRel|Win32.Build.0 = MinSizeRel|Win32
		{44A2614F-EDAB-4E42-9F72-EF791A7E0462}.Release|Win32.ActiveCfg = Release|Win32
		{44A2614F-EDAB-4E42-9F72-EF791A7E0462}.Release|Win32.Build.0 = Release|Win32
		{44A2614F-EDAB-4E42-9F72-EF791A7E0462}.RelWithDebInfo|Win32.ActiveCfg = RelWithDebInfo|Win32
		{44A2614F-EDAB-4E42-9F72-EF791A7E0462}.RelWithDebInfo|Win32.Build.0 = RelWithDebInfo|Win32
		{F2912361-5BA9-4F70-8B00-B6E2D661ED9D}.Debug|Win32.ActiveCfg = Debug|Win32
		{F2912361-5BA9-4F70-8B00-B6E2D661ED9D}.Debug|Win32.Build.0 = Debug|Win32
		{F2912361-5BA9-4F70-8B00-B6E2D661ED9D}.MinSizeRel|Win32.ActiveCfg = MinSizeRel|Win32
		{F2912361-5BA9-4F70-8B00-B6E2D661ED9D}.MinSizeRel|Win32.Build.0 = MinSizeRel|Win32
		{F2912361-5BA9-4F70-8B00-B6E2D661ED9D}.Release|Win32.ActiveCfg = Release|Win32
		{F2912361-5BA9-4F70-8B00-B6E2D661ED9D}.Release|Win32.Build.0 = Release|Win32
		{F2912361-5BA9-4F70-8B00-B6E2D661ED9D}.RelWithDebInfo|Win32.ActiveCfg = RelWithDebInfo|Win32
		{F2912361-5BA9-4F70-8B00-B6E2D661ED9D}.RelWithDebInfo|Win32.Build.0 = RelWithDebInfo|Win32
		{C0C02074-6A9F-4E62-9162-324458F003E6}.Debug|Win32.ActiveCfg = Debug|Win32
		{C0C02074-6A9F-4E62-9162-324458F003E6}.Debug|Win32.Build.0 = Debug|Win32
		{C0C02074-6A9F-4E62-9162-324458F003E6}.MinSizeRel|Win32.ActiveCfg = MinSizeRel|Win32
		{C0C02074-6A9F-4E62-9162-324458F003E6}.MinSizeRel|Win32.Build.0 = MinSizeRel|Win32
		{C0C02074-6A9F-4E62-9162-324458F003E6}.Release|Win32.ActiveCfg = Release|Win32
		{C0C02074-6A9F-4E62-9162-324458F003E6}.Release|Win32.Build.0 = Release|Win32
		{C0C02074-6A9F-4E62-9162-324458F003E6}.RelWithDebInfo|Win32.ActiveCfg = RelWithDebInfo|Win32
		{C0C02074-6A9F-4E62-9162-324458F003E6}.RelWithDebInfo|Win32.Build.0 = RelWithDebInfo|Win32
		{E4A6A833-0F30-40F6-8913-4B57B82F4432}.Debug|Win32.ActiveCfg = Debug|Win32
		{E4A6A833-0F30-40F6-8913-4B57B82F4432}.Debug|Win32.Build.0 = Debug|Win32
		{E4A6A833-0F30-40F6-8913-4B57B82F4432}.MinSizeRel|Win32.ActiveCfg = MinSizeRel|Win32
		{E4A6A833-0F30-40F6-8913-4B57B82F4432}.MinSizeRel|Win32.Build.0 = MinSizeRel|Win32
		{E4A6A833-0F30-40F6-8913-4B57B82F4432}.Release|Win32.ActiveCfg = Release|Win32
		{E4A6A833-0F30-40F6-8913-4B57B82F4432}.Release|Win32.Build.0 = Release|Win32
		{E4A6A833-0F30-40F6-8913-4B57B82F4432}.RelWithDebInfo|Win32.ActiveCfg = RelWithDebInfo|Win32
		{E4A6A833-0F30-40F6-8913-4B57B82F4432}.RelWithDebInfo|Win32.Build.0 = RelWithDebInfo|Win32
		{8D8CC28D-7400-4506-B110-B3249A3AD145}.Debug|Win32.ActiveCfg = Debug|Win32
		{8D8CC28D-7400-4506-B110-B3249A3AD145}.Debug|Win32.Build.0 = Debug|Win32
		{8D8CC28D-7400-4506-B110-B3249A3AD145}.MinSizeRel|Win32.ActiveCfg = MinSizeRel|Win32
		{8D8CC28D-7400-4506-B110-B3249A3AD145}.MinSizeRel|Win32.Build.0 = MinSizeRel|Win32
		{8D8CC28D-7400-4506-B110-B3249A3AD145}.Release|Win32.ActiveCfg = Release|Win32
		{8D8CC28D-7400-4506-B110-B3249A3AD145}.Release|Win32.Build.0 = Release|Win32
		{8D8CC28D-7400-4506-B110-B3249A3AD145}.RelWithDebInfo|Win32.ActiveCfg = RelWithDebInfo|Win32
		{8D8CC28D-7400-4506-B110-B3249A3AD145}.RelWithDebInfo|Win32.Build.0 = RelWithDebInfo|Win32
		{C1E6820E-3167-4F37-A1B3-3952957C18A7}.Debug|Win32.ActiveCfg = Debug|Win32
		{C1E6820E-3167-4F37-A1B3-3952957C18A7}.Debug|Win32.Build.0 = Debug|Win32
		{C1E6820E-3167-4F37-A1B3-3952957C18A7}.MinSizeRel|Win32.ActiveCfg = MinSizeRel|Win32
		{C1E6820E-3167-4F37-A1B3-3952957C18A7}.MinSizeRel|Win32.Build.0 = MinSizeRel|Win32
		{C1E6820E-3167-4F37-A1B3-3952957C18A7}.Release|Win32.ActiveCfg = Release|Win32
		{C1E6820E-3167-4F37-A1B3-3952957C18A7}.Release|Win32.Build.0 = Release|Win32
		{C1E6820E-3167-4F37-A1B3-3952957C18A7}.RelWithDebInfo|Win32.ActiveCfg = RelWithDebInfo|Win32
		{C1E6820E-3167-4F37-A1B3-3952957C18A7}.RelWithDebInfo|Win32.Build.0 = RelWithDebInfo|Win32
		{4B094784-2BB2-4903-BC33-E349C89B5105}.Debug|Win32.ActiveCfg = Debug|Win32
		{4B094784-2BB2-4903-BC33-E349C89B5105}.Debug|Win32.Build.0 = Debug|Win32
		{4B094784-2BB2-4903-BC33-E349C89B5105}.MinSizeRel|Win32.ActiveCfg = MinSizeRel|Win32
		{4B094784-2BB2-4903-BC33-E349C89B5105}.MinSizeRel|Win32.Build.0 = MinSizeRel|Win32
		{4B094784-2BB2-4903-BC33-E349C89B5105}.Release|Win32.ActiveCfg = Release|Win32
		{4B094784-2BB2-4903-BC33-E349C89B5105}.Release|Win32.Build.0 = Release|Win32
		{4B094784-2BB2-4903-BC33-E349C89B5105}.RelWithDebInfo|Win32.ActiveCfg = RelWithDebInfo|Win32
		{4B094784-2BB2-4903-BC33-E349C89B5105}.RelWithDebInfo|Win32.Build.0 = RelWithDebInfo|Win32
		{AB6B36BE-6012-4925-9DDD-453CE1A449E7}.Debug|Win32.ActiveCfg = Debug|Win32
		{AB6B36BE-6012-4925-9DDD-453CE1A449E7}.Debug|Win32.Build.0 = Debug|Win32
		{AB6B36BE-6012-4925-9DDD-453CE1A449E7}.MinSizeRel|Win32.ActiveCfg = MinSizeRel|Win32
		{AB6B36BE-6012-4925-9DDD-453CE1A449E7}.MinSizeRel|Win32.Build.0 = MinSizeRel|Win32
		{AB6B36BE-6012-4925-9DDD-453CE1A449E7}.Release|Win32.ActiveCfg = Release|Win32
		{AB6B36BE-6012-4925-9DDD-453CE1A449E7}.Release|Win32.Build.0 = Release|Win32
		{AB6B36BE-6012-4925-9DDD-453CE1A449E7}.RelWithDebInfo|Win32.ActiveCfg = RelWithDebInfo|Win32
		{AB6B36BE-6012-4925-9DDD-453CE1A449E7}.RelWithDebInfo|Win32.Build.0 = RelWithDebInfo|Win32
		{3DD5E0EE-BDB6-46FE-82D4-2D781E8614AD}.Debug|Win32.ActiveCfg = Debug|Win32
		{3DD5E0EE-BDB6-46FE-82D4-2D781E8614AD}.Debug|Win32.Build.0 = Debug|Win32
		{3DD5E0EE-BDB6-46FE-82D4-2D781E8614AD}.MinSizeRel|Win32.ActiveCfg = MinSizeRel|Win32
		{3DD5E0EE-BDB6-46FE-82D4-2D781E8614AD}.MinSizeRel|Win32.Build.0 = MinSizeRel|Win32
		{3DD5E0EE-BDB6-46FE-82D4-2D781E8614AD}.Release|Win32.ActiveCfg = Release|Win32
		{3DD5E0EE-BDB6-46FE-82D4-2D781E8614AD}.Release|Win32.Build.0 = Release|Win32
		{3DD5E0EE-BDB6-46FE-82D4-2D781E8614AD}.RelWithDebInfo|Win32.ActiveCfg = RelWithDebInfo|Win32
		{3DD5E0EE-BDB6-46FE-82D4-2D781E8614AD}.RelWithDebInfo|Win32.Build.0 = RelWithDebInfo|Win32
		{23A0FC68-D575-4E10-B00E-6907811B3C93}.Debug|Win32.ActiveCfg = Debug|Win32
		{23A0FC68-D575-4E10-B00E-6907811B3C93}.Debug|Win32.Build.0 = Debug|Win32
		{23A0FC68-D575-4E10-B00E-6907811B3C93}.MinSizeRel|Win32.ActiveCfg = MinSizeRel|Win32
		{23A0FC68-D575-4E10-B00E-6907811B3C93}.MinSizeRel|Win32.Build.0 = MinSizeRel|Win32
		{23A0FC68-D575-4E10-B00E-6907811B3C93}.Release|Win32.ActiveCfg = Release|Win32
		{23A0FC68-D575-4E10-B00E-6907811B3C93}.Release|Win32.Build.0 = Release|Win32
		{23A0FC68-D575-4E10-B00E-6907811B3C93}.RelWithDebInfo|Win32.ActiveCfg = RelWithDebInfo|Win32
		{23A0FC68-D575-4E10-B00E-6907811B3C93}.RelWithDebInfo|Win32.Build.0 = RelWithDebInfo|Win32
		{4EB5A1D7-7EA1-4C83-BA0D-CAA8D3E9CA73}.Debug|Win32.ActiveCfg = Debug|Win32
		{4EB5A1D7-7EA1-4C83-BA0D-CAA8D3E9CA73}.Debug|Win32.Build.0 = Debug|Win32
		{4EB5A1D7-7EA1-4C83-BA0D-CAA8D3E9CA73}.MinSizeRel|Win32.ActiveCfg = MinSizeRel|Win32
		{4EB5A1D7-7EA1-4C83-BA0D-CAA8D3E9CA73}.MinSizeRel|Win32.Build.0 = MinSizeRel|Win32
		{4EB5A1D7-7EA1-4C83-BA0D-CAA8D3E9CA73}.Release|Win32.ActiveCfg = Release|Win32
		{4EB5A1D7-7EA1-4C83-BA0D-CAA8D3E9CA73}.Release|Win32.Build.0 = Release|Win32
		{4EB5A1D7-7EA1-4C83-BA0D-CAA8D3E9CA73}.RelWithDebInfo|Win32.ActiveCfg = RelWithDebInfo|Win32
		{4EB5A1D7-7EA1-4C83-BA0D-CAA8D3E9CA73}.RelWithDebInfo|Win32.Build.0 = RelWithDebInfo|Win32
		{E12EF108-E9F6-40A7-9BDC-DE27694312E3}.Debug|Win32.ActiveCfg = Debug|Win32
		{E12EF108-E9F6-40A7-9BDC-DE27694312E3}.MinSizeRel|Win32.ActiveCfg = MinSizeRel|Win32
		{E12EF108-E9F6-40A7-9BDC-DE27694312E3}.Release|Win32.ActiveCfg = Release|Win32
		{E12EF108-E9F6-40A7-9BDC-DE27694312E3}.RelWithDebInfo|Win32.ActiveCfg = RelWithDebInfo|Win32
		{BAA1A7BB-553A-44DB-B20A-DFE6A75CF7B4}.Debug|Win32.ActiveCfg = Debug|Win32
		{BAA1A7BB-553A-44DB-B20A-DFE6A75CF7B4}.Debug|Win32.Build.0 = Debug|Win32
		{BAA1A7BB-553A-44DB-B20A-DFE6A75CF7B4}.MinSizeRel|Win32.ActiveCfg = MinSizeRel|Win32
		{BAA1A7BB-553A-44DB-B20A-DFE6A75CF7B4}.MinSizeRel|Win32.Build.0 = MinSizeRel|Win32
		{BAA1A7BB-553A-44DB-B20A-DFE6A75CF7B4}.Release|Win32.ActiveCfg = Release|Win32
		{BAA1A7BB-553A-44DB-B20A-DFE6A75CF7B4}.Release|Win32.Build.0 = Release|Win32
		{BAA1A7BB-553A-44DB-B20A-DFE6A75CF7B4}.RelWithDebInfo|Win32.ActiveCfg = RelWithDebInfo|Win32
		{BAA1A7BB-553A-44DB-B20A-DFE6A75CF7B4}.RelWithDebInfo|Win32.Build.0 = RelWithDebInfo|Win32
		{8AE65787-51C0-43EE-ABCC-D19C051A9DEC}.Debug|Win32.ActiveCfg = Debug|Win32
		{8AE65787-51C0-43EE-ABCC-D19C051A9DEC}.Debug|Win32.Build.0 = Debug|Win32
		{8AE65787-51C0-43EE-ABCC-D19C051A9DEC}.MinSizeRel|Win32.ActiveCfg = MinSizeRel|Win32
		{8AE65787-51C0-43EE-ABCC-D19C051A9DEC}.MinSizeRel|Win32.Build.0 = MinSizeRel|Win32
		{8AE65787-51C0-43EE-ABCC-D19C051A9DEC}.Release|Win32.ActiveCfg = Release|Win32
		{8AE65787-51C0-43EE-ABCC-D19C051A9DEC}.Release|Win32.Build.0 = Release|Win32
		{8AE65787-51C0-43EE-ABCC-D19C051A9DEC}.RelWithDebInfo|Win32.ActiveCfg = RelWithDebInfo|Win32
		{8AE65787-51C0-43EE-ABCC-D19C051A9DEC}.RelWithDebInfo|Win32.Build.0 = RelWithDebInfo|Win32
		{7BEA286C-ECAC-48DA-8BB1-8EA9626F61F0}.Debug|Win32.ActiveCfg = Debug|Win32
		{7BEA286C-ECAC-48DA-8BB1-8EA9626F61F0}.Debug|Win32.Build.0 = Debug|Win32
		{7BEA286C-ECAC-48DA-8BB1-8EA9626F61F0}.MinSizeRel|Win32.ActiveCfg = MinSizeRel|Win32
		{7BEA286C-ECAC-48DA-8BB1-8EA9626F61F0}.MinSizeRel|Win32.Build.0 = MinSizeRel|Win32
		{7BEA286C-ECAC-48DA-8BB1-8EA9626F61F0}.Release|Win32.ActiveCfg = Release|Win32
		{7BEA286C-ECAC-48DA-8BB1-8EA9626F61F0}.Release|Win32.Build.0 = Release|Win32
		{7BEA286C-ECAC-48DA-8BB1-8EA9626F61F0}.RelWithDebInfo|Win32.ActiveCfg = RelWithDebInfo|Win32
		{7BEA286C-ECAC-48DA-8BB1-8EA9626F61F0}.RelWithDebInfo|Win32.Build.0 = RelWithDebInfo|Win32
		{50E490A3-C6D4-4194-A261-448328659FEE}.Debug|Win32.ActiveCfg = Debug|Win32
		{50E490A3-C6D4-4194-A261-448328659FEE}.Debug|Win32.Build.0 = Debug|Win32
		{50E490A3-C6D4-4194-A261-448328659FEE}.MinSizeRel|Win32.ActiveCfg = MinSizeRel|Win32
		{50E490A3-C6D4-4194-A261-448328659FEE}.MinSizeRel|Win32.Build.0 = MinSizeRel|Win32
		{50E490A3-C6D4-4194-A261-448328659FEE}.Release|Win32.ActiveCfg = Release|Win32
		{50E490A3-C6D4-4194-A261-448328659FEE}.Release|Win32.Build.0 = Release|Win32
		{50E490A3-C6D4-4194-A261-448328659FEE}.RelWithDebInfo|Win32.ActiveCfg = RelWithDebInfo|Win32
		{50E490A3-C6D4-4194-A261-448328659FEE}.RelWithDebInfo|Win32.Build.0 = RelWithDebInfo|Win32
	EndGlobalSection
	GlobalSection(SolutionProperties) = preSolution
		HideSolutionNode = FALSE
	EndGlobalSection
	GlobalSection(NestedProjects) = preSolution
		{E9DCEAB7-DC5D-4D81-A690-4E2164C4106E} = {09210857-9EA4-4CCA-9FFA-B0A8185D6F29}
		{13501F9C-93EC-45C0-994F-D4AB5A76AF35} = {09210857-9EA4-4CCA-9FFA-B0A8185D6F29}
		{919C565B-C961-4BE8-A427-4E0F85E9BBA8} = {09210857-9EA4-4CCA-9FFA-B0A8185D6F29}
		{8E38F54B-BD4C-4C2A-9AFD-054917A0FD57} = {09210857-9EA4-4CCA-9FFA-B0A8185D6F29}
		{6DA6FDDC-49FE-4286-A4C3-9FF7A12FC2AE} = {09210857-9EA4-4CCA-9FFA-B0A8185D6F29}
		{04723FF1-5EAD-4006-9BFE-8B930B8843C6} = {09210857-9EA4-4CCA-9FFA-B0A8185D6F29}
		{FEDDF8C3-6579-4554-A6F6-B663B03B6777} = {09210857-9EA4-4CCA-9FFA-B0A8185D6F29}
		{C71C1374-96A9-4FD0-A1CB-31380DA65AF7} = {09210857-9EA4-4CCA-9FFA-B0A8185D6F29}
		{0557ECD8-EC6E-4109-9947-AC8D528E40E5} = {09210857-9EA4-4CCA-9FFA-B0A8185D6F29}
		{A599B10E-3156-4655-BBB6-6F86B788FBEA} = {09210857-9EA4-4CCA-9FFA-B0A8185D6F29}
		{C39D2CCB-33A6-4C43-A87C-D9086FCA301B} = {09210857-9EA4-4CCA-9FFA-B0A8185D6F29}
		{B1C011D2-742D-4D8E-998F-91E28AF383D7} = {09210857-9EA4-4CCA-9FFA-B0A8185D6F29}
		{194D0DE8-1FB8-44C9-937A-7A41050B73F8} = {09210857-9EA4-4CCA-9FFA-B0A8185D6F29}
		{4B686CE8-36E1-47DB-97B0-FBC98C224FE2} = {09210857-9EA4-4CCA-9FFA-B0A8185D6F29}
		{6B6AC3F6-837C-4DF6-9C97-82152398A2C4} = {09210857-9EA4-4CCA-9FFA-B0A8185D6F29}
		{F49B6C80-C944-4302-8224-9DC6B06101C2} = {09210857-9EA4-4CCA-9FFA-B0A8185D6F29}
		{EC8BF5C8-C516-4055-8292-B0E835006B57} = {09210857-9EA4-4CCA-9FFA-B0A8185D6F29}
		{6A0FEDF1-3C83-4783-90DC-9665650BA9D8} = {09210857-9EA4-4CCA-9FFA-B0A8185D6F29}
		{16E775BE-6D4D-44A2-B7D4-FFC966115E4A} = {09210857-9EA4-4CCA-9FFA-B0A8185D6F29}
		{F2912361-5BA9-4F70-8B00-B6E2D661ED9D} = {09210857-9EA4-4CCA-9FFA-B0A8185D6F29}
		{C0C02074-6A9F-4E62-9162-324458F003E6} = {09210857-9EA4-4CCA-9FFA-B0A8185D6F29}
		{E4A6A833-0F30-40F6-8913-4B57B82F4432} = {09210857-9EA4-4CCA-9FFA-B0A8185D6F29}
		{8D8CC28D-7400-4506-B110-B3249A3AD145} = {09210857-9EA4-4CCA-9FFA-B0A8185D6F29}
		{C1E6820E-3167-4F37-A1B3-3952957C18A7} = {09210857-9EA4-4CCA-9FFA-B0A8185D6F29}
		{4B094784-2BB2-4903-BC33-E349C89B5105} = {09210857-9EA4-4CCA-9FFA-B0A8185D6F29}
		{AB6B36BE-6012-4925-9DDD-453CE1A449E7} = {09210857-9EA4-4CCA-9FFA-B0A8185D6F29}
		{3DD5E0EE-BDB6-46FE-82D4-2D781E8614AD} = {09210857-9EA4-4CCA-9FFA-B0A8185D6F29}
		{23A0FC68-D575-4E10-B00E-6907811B3C93} = {09210857-9EA4-4CCA-9FFA-B0A8185D6F29}
		{E12EF108-E9F6-40A7-9BDC-DE27694312E3} = {09210857-9EA4-4CCA-9FFA-B0A8185D6F29}
		{BAA1A7BB-553A-44DB-B20A-DFE6A75CF7B4} = {09210857-9EA4-4CCA-9FFA-B0A8185D6F29}
		{8AE65787-51C0-43EE-ABCC-D19C051A9DEC} = {09210857-9EA4-4CCA-9FFA-B0A8185D6F29}
		{7BEA286C-ECAC-48DA-8BB1-8EA9626F61F0} = {09210857-9EA4-4CCA-9FFA-B0A8185D6F29}
		{50E490A3-C6D4-4194-A261-448328659FEE} = {09210857-9EA4-4CCA-9FFA-B0A8185D6F29}
		{7CA37F25-6DD3-4609-B050-62778F2232E8} = {09210857-9EA4-4CCA-9FFA-B0A8185D6F29}
		{6D25FADC-290B-4659-BCB5-788CAEF172EC} = {5A3473BD-2AE0-4D13-A4C3-312CEA7CFE85}
		{FADFB218-581B-4940-A540-EC062894DB41} = {5A3473BD-2AE0-4D13-A4C3-312CEA7CFE85}
		{521DED36-85B2-4AAC-A4F9-3A9FE4A08ACF} = {5A3473BD-2AE0-4D13-A4C3-312CEA7CFE85}
		{6650D845-6916-4CC4-856C-35BBF1287069} = {5A3473BD-2AE0-4D13-A4C3-312CEA7CFE85}
		{44A2614F-EDAB-4E42-9F72-EF791A7E0462} = {5A3473BD-2AE0-4D13-A4C3-312CEA7CFE85}
		{4EB5A1D7-7EA1-4C83-BA0D-CAA8D3E9CA73} = {5A3473BD-2AE0-4D13-A4C3-312CEA7CFE85}
		{BC8C0318-B3C9-4B06-9239-953C1CE8B483} = {5A3473BD-2AE0-4D13-A4C3-312CEA7CFE85}
	EndGlobalSection
EndGlobal
